{
  "nodes": {
    "flake-utils": {
      "inputs": {
        "systems": "systems"
      },
      "locked": {
        "lastModified": 1731533236,
        "narHash": "sha256-l0KFg5HjrsfsO/JpG+r7fRrqm12kzFHyUHqHCVpMMbI=",
        "owner": "numtide",
        "repo": "flake-utils",
        "rev": "11707dc2f618dd54ca8739b309ec4fc024de578b",
        "type": "github"
      },
      "original": {
        "owner": "numtide",
        "repo": "flake-utils",
        "type": "github"
      }
    },
    "nixpkgs": {
      "locked": {
        "lastModified": 1751792365,
        "narHash": "sha256-J1kI6oAj25IG4EdVlg2hQz8NZTBNYvIS0l4wpr9KcUo=",
        "owner": "NixOS",
        "repo": "nixpkgs",
        "rev": "1fd8bada0b6117e6c7eb54aad5813023eed37ccb",
        "type": "github"
      },
      "original": {
        "owner": "NixOS",
        "ref": "nixos-unstable",
        "repo": "nixpkgs",
        "type": "github"
      }
    },
    "root": {
      "inputs": {
        "flake-utils": "flake-utils",
        "nixpkgs": "nixpkgs",
        "zmk": "zmk",
        "zmk-helpers": "zmk-helpers"
      }
    },
    "systems": {
      "locked": {
        "lastModified": 1681028828,
        "narHash": "sha256-Vy1rq5AaRuLzOxct8nz4T6wlgyUR7zLU309k9mBC768=",
        "owner": "nix-systems",
        "repo": "default",
        "rev": "da67096a3b9bf56a91d16901293e51ba5b49a27e",
        "type": "github"
      },
      "original": {
        "owner": "nix-systems",
        "repo": "default",
        "type": "github"
      }
    },
    "zmk": {
      "flake": false,
      "locked": {
        "lastModified": 1743221471,
        "narHash": "sha256-fg6gyVu42YyOxsNFcTOIaM8TdmdOiZVlLGmFufhvfjI=",
        "owner": "moergo-sc",
        "repo": "zmk",
        "rev": "598b03508c308de2139c61216eb1b2fdc447501e",
        "type": "github"
      },
      "original": {
        "owner": "moergo-sc",
        "repo": "zmk",
        "type": "github"
      }
    },
    "zmk-helpers": {
      "flake": false,
      "locked": {
        "lastModified": 1750366533,
        "narHash": "sha256-0goBUq/QbGJdK6jRReXLM1dMrkgWYGDSIdCTigwEBig=",
        "owner": "urob",
        "repo": "zmk-helpers",
        "rev": "f8d5ac771aed291ea54215bf1b6bc6f67336477d",
        "type": "github"
      },
      "original": {
        "owner": "urob",
        "repo": "zmk-helpers",
        "type": "github"
      }
    }
  },
  "root": "root",
  "version": 7
}
