{
  "nodes": {
    "flake-utils": {
      "inputs": {
        "systems": "systems"
      },
      "locked": {
        "lastModified": 1731533236,
        "narHash": "sha256-l0KFg5HjrsfsO/JpG+r7fRrqm12kzFHyUHqHCVpMMbI=",
        "owner": "numtide",
        "repo": "flake-utils",
        "rev": "11707dc2f618dd54ca8739b309ec4fc024de578b",
        "type": "github"
      },
      "original": {
        "owner": "numtide",
        "repo": "flake-utils",
        "type": "github"
      }
    },
    "nixpkgs": {
      "locked": {
        "lastModified": 1749285348,
        "narHash": "sha256-frdhQvPbmDYaScPFiCnfdh3B/Vh81Uuoo0w5TkWmmjU=",
        "owner": "NixOS",
        "repo": "nixpkgs",
        "rev": "3e3afe5174c561dee0df6f2c2b2236990146329f",
        "type": "github"
      },
      "original": {
        "owner": "NixOS",
        "ref": "nixos-unstable",
        "repo": "nixpkgs",
        "type": "github"
      }
    },
    "root": {
      "inputs": {
        "flake-utils": "flake-utils",
        "nixpkgs": "nixpkgs",
        "zmk": "zmk",
        "zmk-helpers": "zmk-helpers"
      }
    },
    "systems": {
      "locked": {
        "lastModified": 1681028828,
        "narHash": "sha256-Vy1rq5AaRuLzOxct8nz4T6wlgyUR7zLU309k9mBC768=",
        "owner": "nix-systems",
        "repo": "default",
        "rev": "da67096a3b9bf56a91d16901293e51ba5b49a27e",
        "type": "github"
      },
      "original": {
        "owner": "nix-systems",
        "repo": "default",
        "type": "github"
      }
    },
    "zmk": {
      "flake": false,
      "locked": {
        "lastModified": 1743221471,
        "narHash": "sha256-fg6gyVu42YyOxsNFcTOIaM8TdmdOiZVlLGmFufhvfjI=",
        "owner": "moergo-sc",
        "repo": "zmk",
        "rev": "598b03508c308de2139c61216eb1b2fdc447501e",
        "type": "github"
      },
      "original": {
        "owner": "moergo-sc",
        "repo": "zmk",
        "type": "github"
      }
    },
    "zmk-helpers": {
      "flake": false,
      "locked": {
        "lastModified": 1746108333,
        "narHash": "sha256-5se3Vmu9Q190cj4xeEbylYLCqdLm3ymZfHQZ3Fsz+C8=",
        "owner": "urob",
        "repo": "zmk-helpers",
        "rev": "4b6f4597fec3c216151dd93ed1f9e9350f275701",
        "type": "github"
      },
      "original": {
        "owner": "urob",
        "repo": "zmk-helpers",
        "type": "github"
      }
    }
  },
  "root": "root",
  "version": 7
}
